
Microsoft Visual Studio Solution File, Format Version 12.00
# Visual Studio 2013
VisualStudioVersion = 12.0.31101.0
MinimumVisualStudioVersion = 10.0.40219.1
Project("{FAE04EC0-301F-11D3-BF4B-00C04F79EFBC}") = "OwinDemo.ServiceLibrary", "OwinDemo.ServiceLibrary\OwinDemo.ServiceLibrary.csproj", "{448991FB-2F1C-434A-A605-6E4D5DDE5A2E}"
EndProject
Project("{FAE04EC0-301F-11D3-BF4B-00C04F79EFBC}") = "OwinDemo.iOS", "OwinDemo.iOS\OwinDemo.iOS.csproj", "{0F2F0C05-B030-45E5-ADB9-A33A05393F6E}"
EndProject
Project("{FAE04EC0-301F-11D3-BF4B-00C04F79EFBC}") = "OwinDemo.Business", "OwinDemo.Business\OwinDemo.Business.csproj", "{0EA329DE-89E3-4C12-8036-C9474216031F}"
EndProject
Project("{FAE04EC0-301F-11D3-BF4B-00C04F79EFBC}") = "OwinDemo.XamarinForms.Droid", "OwinDemo.XamarinForms\OwinDemo.XamarinForms.Droid\OwinDemo.XamarinForms.Droid.csproj", "{FC287E6B-AED0-4916-B9F0-BEFB10C764D2}"
EndProject
Project("{FAE04EC0-301F-11D3-BF4B-00C04F79EFBC}") = "OwinDemo.XamarinForms.WinPhone", "OwinDemo.XamarinForms\OwinDemo.XamarinForms.WinPhone\OwinDemo.XamarinForms.WinPhone.csproj", "{01E310E0-7581-4742-B192-73AC76B3475B}"
EndProject
Project("{FAE04EC0-301F-11D3-BF4B-00C04F79EFBC}") = "OwinDemo.XamarinForms", "OwinDemo.XamarinForms\OwinDemo.XamarinForms\OwinDemo.XamarinForms.csproj", "{E7DE3ED4-619C-435C-AE5B-A55D1027DAAA}"
EndProject
Project("{FAE04EC0-301F-11D3-BF4B-00C04F79EFBC}") = "OwinDemo.XamarinForms.iOS", "OwinDemo.XamarinForms\OwinDemo.XamarinForms.iOS\OwinDemo.XamarinForms.iOS.csproj", "{4B330F5B-572F-4E60-B9D8-04A3591417AA}"
EndProject
Global
	GlobalSection(SolutionConfigurationPlatforms) = preSolution
		Ad-Hoc|Any CPU = Ad-Hoc|Any CPU
		Ad-Hoc|ARM = Ad-Hoc|ARM
		Ad-Hoc|iPhone = Ad-Hoc|iPhone
		Ad-Hoc|iPhoneSimulator = Ad-Hoc|iPhoneSimulator
		Ad-Hoc|Mixed Platforms = Ad-Hoc|Mixed Platforms
		Ad-Hoc|x86 = Ad-Hoc|x86
		AppStore|Any CPU = AppStore|Any CPU
		AppStore|ARM = AppStore|ARM
		AppStore|iPhone = AppStore|iPhone
		AppStore|iPhoneSimulator = AppStore|iPhoneSimulator
		AppStore|Mixed Platforms = AppStore|Mixed Platforms
		AppStore|x86 = AppStore|x86
		Debug|Any CPU = Debug|Any CPU
		Debug|ARM = Debug|ARM
		Debug|iPhone = Debug|iPhone
		Debug|iPhoneSimulator = Debug|iPhoneSimulator
		Debug|Mixed Platforms = Debug|Mixed Platforms
		Debug|x86 = Debug|x86
		Release|Any CPU = Release|Any CPU
		Release|ARM = Release|ARM
		Release|iPhone = Release|iPhone
		Release|iPhoneSimulator = Release|iPhoneSimulator
		Release|Mixed Platforms = Release|Mixed Platforms
		Release|x86 = Release|x86
	EndGlobalSection
	GlobalSection(ProjectConfigurationPlatforms) = postSolution
		{448991FB-2F1C-434A-A605-6E4D5DDE5A2E}.Ad-Hoc|Any CPU.ActiveCfg = Release|Any CPU
		{448991FB-2F1C-434A-A605-6E4D5DDE5A2E}.Ad-Hoc|Any CPU.Build.0 = Release|Any CPU
		{448991FB-2F1C-434A-A605-6E4D5DDE5A2E}.Ad-Hoc|ARM.ActiveCfg = Debug|Any CPU
		{448991FB-2F1C-434A-A605-6E4D5DDE5A2E}.Ad-Hoc|iPhone.ActiveCfg = Release|Any CPU
		{448991FB-2F1C-434A-A605-6E4D5DDE5A2E}.Ad-Hoc|iPhoneSimulator.ActiveCfg = Release|Any CPU
		{448991FB-2F1C-434A-A605-6E4D5DDE5A2E}.Ad-Hoc|Mixed Platforms.ActiveCfg = Release|Any CPU
		{448991FB-2F1C-434A-A605-6E4D5DDE5A2E}.Ad-Hoc|Mixed Platforms.Build.0 = Release|Any CPU
		{448991FB-2F1C-434A-A605-6E4D5DDE5A2E}.Ad-Hoc|x86.ActiveCfg = Debug|Any CPU
		{448991FB-2F1C-434A-A605-6E4D5DDE5A2E}.AppStore|Any CPU.ActiveCfg = Release|Any CPU
		{448991FB-2F1C-434A-A605-6E4D5DDE5A2E}.AppStore|Any CPU.Build.0 = Release|Any CPU
		{448991FB-2F1C-434A-A605-6E4D5DDE5A2E}.AppStore|ARM.ActiveCfg = Debug|Any CPU
		{448991FB-2F1C-434A-A605-6E4D5DDE5A2E}.AppStore|iPhone.ActiveCfg = Release|Any CPU
		{448991FB-2F1C-434A-A605-6E4D5DDE5A2E}.AppStore|iPhoneSimulator.ActiveCfg = Release|Any CPU
		{448991FB-2F1C-434A-A605-6E4D5DDE5A2E}.AppStore|Mixed Platforms.ActiveCfg = Release|Any CPU
		{448991FB-2F1C-434A-A605-6E4D5DDE5A2E}.AppStore|Mixed Platforms.Build.0 = Release|Any CPU
		{448991FB-2F1C-434A-A605-6E4D5DDE5A2E}.AppStore|x86.ActiveCfg = Debug|Any CPU
		{448991FB-2F1C-434A-A605-6E4D5DDE5A2E}.Debug|Any CPU.ActiveCfg = Debug|Any CPU
		{448991FB-2F1C-434A-A605-6E4D5DDE5A2E}.Debug|Any CPU.Build.0 = Debug|Any CPU
		{448991FB-2F1C-434A-A605-6E4D5DDE5A2E}.Debug|ARM.ActiveCfg = Debug|Any CPU
		{448991FB-2F1C-434A-A605-6E4D5DDE5A2E}.Debug|iPhone.ActiveCfg = Debug|Any CPU
		{448991FB-2F1C-434A-A605-6E4D5DDE5A2E}.Debug|iPhoneSimulator.ActiveCfg = Debug|Any CPU
		{448991FB-2F1C-434A-A605-6E4D5DDE5A2E}.Debug|iPhoneSimulator.Build.0 = Debug|Any CPU
		{448991FB-2F1C-434A-A605-6E4D5DDE5A2E}.Debug|Mixed Platforms.ActiveCfg = Debug|Any CPU
		{448991FB-2F1C-434A-A605-6E4D5DDE5A2E}.Debug|Mixed Platforms.Build.0 = Debug|Any CPU
		{448991FB-2F1C-434A-A605-6E4D5DDE5A2E}.Debug|x86.ActiveCfg = Debug|Any CPU
		{448991FB-2F1C-434A-A605-6E4D5DDE5A2E}.Release|Any CPU.ActiveCfg = Release|Any CPU
		{448991FB-2F1C-434A-A605-6E4D5DDE5A2E}.Release|Any CPU.Build.0 = Release|Any CPU
		{448991FB-2F1C-434A-A605-6E4D5DDE5A2E}.Release|ARM.ActiveCfg = Release|Any CPU
		{448991FB-2F1C-434A-A605-6E4D5DDE5A2E}.Release|iPhone.ActiveCfg = Release|Any CPU
		{448991FB-2F1C-434A-A605-6E4D5DDE5A2E}.Release|iPhoneSimulator.ActiveCfg = Release|Any CPU
		{448991FB-2F1C-434A-A605-6E4D5DDE5A2E}.Release|Mixed Platforms.ActiveCfg = Release|Any CPU
		{448991FB-2F1C-434A-A605-6E4D5DDE5A2E}.Release|Mixed Platforms.Build.0 = Release|Any CPU
		{448991FB-2F1C-434A-A605-6E4D5DDE5A2E}.Release|x86.ActiveCfg = Release|Any CPU
		{0F2F0C05-B030-45E5-ADB9-A33A05393F6E}.Ad-Hoc|Any CPU.ActiveCfg = Ad-Hoc|iPhone
		{0F2F0C05-B030-45E5-ADB9-A33A05393F6E}.Ad-Hoc|ARM.ActiveCfg = Ad-Hoc|iPhoneSimulator
		{0F2F0C05-B030-45E5-ADB9-A33A05393F6E}.Ad-Hoc|iPhone.ActiveCfg = Ad-Hoc|iPhone
		{0F2F0C05-B030-45E5-ADB9-A33A05393F6E}.Ad-Hoc|iPhone.Build.0 = Ad-Hoc|iPhone
		{0F2F0C05-B030-45E5-ADB9-A33A05393F6E}.Ad-Hoc|iPhoneSimulator.ActiveCfg = Ad-Hoc|iPhoneSimulator
		{0F2F0C05-B030-45E5-ADB9-A33A05393F6E}.Ad-Hoc|iPhoneSimulator.Build.0 = Ad-Hoc|iPhoneSimulator
		{0F2F0C05-B030-45E5-ADB9-A33A05393F6E}.Ad-Hoc|Mixed Platforms.ActiveCfg = Ad-Hoc|iPhone
		{0F2F0C05-B030-45E5-ADB9-A33A05393F6E}.Ad-Hoc|Mixed Platforms.Build.0 = Ad-Hoc|iPhone
		{0F2F0C05-B030-45E5-ADB9-A33A05393F6E}.Ad-Hoc|x86.ActiveCfg = Ad-Hoc|iPhoneSimulator
		{0F2F0C05-B030-45E5-ADB9-A33A05393F6E}.AppStore|Any CPU.ActiveCfg = AppStore|iPhone
		{0F2F0C05-B030-45E5-ADB9-A33A05393F6E}.AppStore|ARM.ActiveCfg = AppStore|iPhoneSimulator
		{0F2F0C05-B030-45E5-ADB9-A33A05393F6E}.AppStore|iPhone.ActiveCfg = AppStore|iPhone
		{0F2F0C05-B030-45E5-ADB9-A33A05393F6E}.AppStore|iPhone.Build.0 = AppStore|iPhone
		{0F2F0C05-B030-45E5-ADB9-A33A05393F6E}.AppStore|iPhoneSimulator.ActiveCfg = AppStore|iPhoneSimulator
		{0F2F0C05-B030-45E5-ADB9-A33A05393F6E}.AppStore|iPhoneSimulator.Build.0 = AppStore|iPhoneSimulator
		{0F2F0C05-B030-45E5-ADB9-A33A05393F6E}.AppStore|Mixed Platforms.ActiveCfg = AppStore|iPhone
		{0F2F0C05-B030-45E5-ADB9-A33A05393F6E}.AppStore|Mixed Platforms.Build.0 = AppStore|iPhone
		{0F2F0C05-B030-45E5-ADB9-A33A05393F6E}.AppStore|x86.ActiveCfg = AppStore|iPhoneSimulator
		{0F2F0C05-B030-45E5-ADB9-A33A05393F6E}.Debug|Any CPU.ActiveCfg = Debug|iPhone
		{0F2F0C05-B030-45E5-ADB9-A33A05393F6E}.Debug|ARM.ActiveCfg = Debug|iPhoneSimulator
		{0F2F0C05-B030-45E5-ADB9-A33A05393F6E}.Debug|iPhone.ActiveCfg = Debug|iPhone
		{0F2F0C05-B030-45E5-ADB9-A33A05393F6E}.Debug|iPhone.Build.0 = Debug|iPhone
		{0F2F0C05-B030-45E5-ADB9-A33A05393F6E}.Debug|iPhoneSimulator.ActiveCfg = Debug|iPhoneSimulator
		{0F2F0C05-B030-45E5-ADB9-A33A05393F6E}.Debug|iPhoneSimulator.Build.0 = Debug|iPhoneSimulator
		{0F2F0C05-B030-45E5-ADB9-A33A05393F6E}.Debug|Mixed Platforms.ActiveCfg = Debug|iPhone
		{0F2F0C05-B030-45E5-ADB9-A33A05393F6E}.Debug|Mixed Platforms.Build.0 = Debug|iPhone
		{0F2F0C05-B030-45E5-ADB9-A33A05393F6E}.Debug|x86.ActiveCfg = Debug|iPhoneSimulator
		{0F2F0C05-B030-45E5-ADB9-A33A05393F6E}.Release|Any CPU.ActiveCfg = Release|iPhone
		{0F2F0C05-B030-45E5-ADB9-A33A05393F6E}.Release|ARM.ActiveCfg = Release|iPhoneSimulator
		{0F2F0C05-B030-45E5-ADB9-A33A05393F6E}.Release|iPhone.ActiveCfg = Release|iPhone
		{0F2F0C05-B030-45E5-ADB9-A33A05393F6E}.Release|iPhone.Build.0 = Release|iPhone
		{0F2F0C05-B030-45E5-ADB9-A33A05393F6E}.Release|iPhoneSimulator.ActiveCfg = Release|iPhoneSimulator
		{0F2F0C05-B030-45E5-ADB9-A33A05393F6E}.Release|iPhoneSimulator.Build.0 = Release|iPhoneSimulator
		{0F2F0C05-B030-45E5-ADB9-A33A05393F6E}.Release|Mixed Platforms.ActiveCfg = Release|iPhone
		{0F2F0C05-B030-45E5-ADB9-A33A05393F6E}.Release|Mixed Platforms.Build.0 = Release|iPhone
		{0F2F0C05-B030-45E5-ADB9-A33A05393F6E}.Release|x86.ActiveCfg = Release|iPhoneSimulator
		{0EA329DE-89E3-4C12-8036-C9474216031F}.Ad-Hoc|Any CPU.ActiveCfg = Release|Any CPU
		{0EA329DE-89E3-4C12-8036-C9474216031F}.Ad-Hoc|Any CPU.Build.0 = Release|Any CPU
		{0EA329DE-89E3-4C12-8036-C9474216031F}.Ad-Hoc|ARM.ActiveCfg = Debug|Any CPU
		{0EA329DE-89E3-4C12-8036-C9474216031F}.Ad-Hoc|iPhone.ActiveCfg = Release|Any CPU
		{0EA329DE-89E3-4C12-8036-C9474216031F}.Ad-Hoc|iPhoneSimulator.ActiveCfg = Release|Any CPU
		{0EA329DE-89E3-4C12-8036-C9474216031F}.Ad-Hoc|Mixed Platforms.ActiveCfg = Release|Any CPU
		{0EA329DE-89E3-4C12-8036-C9474216031F}.Ad-Hoc|Mixed Platforms.Build.0 = Release|Any CPU
		{0EA329DE-89E3-4C12-8036-C9474216031F}.Ad-Hoc|x86.ActiveCfg = Debug|Any CPU
		{0EA329DE-89E3-4C12-8036-C9474216031F}.AppStore|Any CPU.ActiveCfg = Release|Any CPU
		{0EA329DE-89E3-4C12-8036-C9474216031F}.AppStore|Any CPU.Build.0 = Release|Any CPU
		{0EA329DE-89E3-4C12-8036-C9474216031F}.AppStore|ARM.ActiveCfg = Debug|Any CPU
		{0EA329DE-89E3-4C12-8036-C9474216031F}.AppStore|iPhone.ActiveCfg = Release|Any CPU
		{0EA329DE-89E3-4C12-8036-C9474216031F}.AppStore|iPhoneSimulator.ActiveCfg = Release|Any CPU
		{0EA329DE-89E3-4C12-8036-C9474216031F}.AppStore|Mixed Platforms.ActiveCfg = Release|Any CPU
		{0EA329DE-89E3-4C12-8036-C9474216031F}.AppStore|Mixed Platforms.Build.0 = Release|Any CPU
		{0EA329DE-89E3-4C12-8036-C9474216031F}.AppStore|x86.ActiveCfg = Debug|Any CPU
		{0EA329DE-89E3-4C12-8036-C9474216031F}.Debug|Any CPU.ActiveCfg = Debug|Any CPU
		{0EA329DE-89E3-4C12-8036-C9474216031F}.Debug|Any CPU.Build.0 = Debug|Any CPU
		{0EA329DE-89E3-4C12-8036-C9474216031F}.Debug|ARM.ActiveCfg = Debug|Any CPU
		{0EA329DE-89E3-4C12-8036-C9474216031F}.Debug|iPhone.ActiveCfg = Debug|Any CPU
		{0EA329DE-89E3-4C12-8036-C9474216031F}.Debug|iPhoneSimulator.ActiveCfg = Debug|Any CPU
		{0EA329DE-89E3-4C12-8036-C9474216031F}.Debug|iPhoneSimulator.Build.0 = Debug|Any CPU
		{0EA329DE-89E3-4C12-8036-C9474216031F}.Debug|Mixed Platforms.ActiveCfg = Debug|Any CPU
		{0EA329DE-89E3-4C12-8036-C9474216031F}.Debug|Mixed Platforms.Build.0 = Debug|Any CPU
		{0EA329DE-89E3-4C12-8036-C9474216031F}.Debug|x86.ActiveCfg = Debug|Any CPU
		{0EA329DE-89E3-4C12-8036-C9474216031F}.Release|Any CPU.ActiveCfg = Release|Any CPU
		{0EA329DE-89E3-4C12-8036-C9474216031F}.Release|Any CPU.Build.0 = Release|Any CPU
		{0EA329DE-89E3-4C12-8036-C9474216031F}.Release|ARM.ActiveCfg = Release|Any CPU
		{0EA329DE-89E3-4C12-8036-C9474216031F}.Release|iPhone.ActiveCfg = Release|Any CPU
		{0EA329DE-89E3-4C12-8036-C9474216031F}.Release|iPhoneSimulator.ActiveCfg = Release|Any CPU
		{0EA329DE-89E3-4C12-8036-C9474216031F}.Release|Mixed Platforms.ActiveCfg = Release|Any CPU
		{0EA329DE-89E3-4C12-8036-C9474216031F}.Release|Mixed Platforms.Build.0 = Release|Any CPU
		{0EA329DE-89E3-4C12-8036-C9474216031F}.Release|x86.ActiveCfg = Release|Any CPU
		{FC287E6B-AED0-4916-B9F0-BEFB10C764D2}.Ad-Hoc|Any CPU.ActiveCfg = Release|Any CPU
		{FC287E6B-AED0-4916-B9F0-BEFB10C764D2}.Ad-Hoc|Any CPU.Build.0 = Release|Any CPU
		{FC287E6B-AED0-4916-B9F0-BEFB10C764D2}.Ad-Hoc|Any CPU.Deploy.0 = Release|Any CPU
		{FC287E6B-AED0-4916-B9F0-BEFB10C764D2}.Ad-Hoc|ARM.ActiveCfg = Release|Any CPU
		{FC287E6B-AED0-4916-B9F0-BEFB10C764D2}.Ad-Hoc|iPhone.ActiveCfg = Release|Any CPU
		{FC287E6B-AED0-4916-B9F0-BEFB10C764D2}.Ad-Hoc|iPhoneSimulator.ActiveCfg = Release|Any CPU
		{FC287E6B-AED0-4916-B9F0-BEFB10C764D2}.Ad-Hoc|Mixed Platforms.ActiveCfg = Release|Any CPU
		{FC287E6B-AED0-4916-B9F0-BEFB10C764D2}.Ad-Hoc|Mixed Platforms.Build.0 = Release|Any CPU
		{FC287E6B-AED0-4916-B9F0-BEFB10C764D2}.Ad-Hoc|Mixed Platforms.Deploy.0 = Release|Any CPU
		{FC287E6B-AED0-4916-B9F0-BEFB10C764D2}.Ad-Hoc|x86.ActiveCfg = Release|Any CPU
		{FC287E6B-AED0-4916-B9F0-BEFB10C764D2}.AppStore|Any CPU.ActiveCfg = Release|Any CPU
		{FC287E6B-AED0-4916-B9F0-BEFB10C764D2}.AppStore|Any CPU.Build.0 = Release|Any CPU
		{FC287E6B-AED0-4916-B9F0-BEFB10C764D2}.AppStore|Any CPU.Deploy.0 = Release|Any CPU
		{FC287E6B-AED0-4916-B9F0-BEFB10C764D2}.AppStore|ARM.ActiveCfg = Release|Any CPU
		{FC287E6B-AED0-4916-B9F0-BEFB10C764D2}.AppStore|iPhone.ActiveCfg = Release|Any CPU
		{FC287E6B-AED0-4916-B9F0-BEFB10C764D2}.AppStore|iPhoneSimulator.ActiveCfg = Release|Any CPU
		{FC287E6B-AED0-4916-B9F0-BEFB10C764D2}.AppStore|Mixed Platforms.ActiveCfg = Release|Any CPU
		{FC287E6B-AED0-4916-B9F0-BEFB10C764D2}.AppStore|Mixed Platforms.Build.0 = Release|Any CPU
		{FC287E6B-AED0-4916-B9F0-BEFB10C764D2}.AppStore|Mixed Platforms.Deploy.0 = Release|Any CPU
		{FC287E6B-AED0-4916-B9F0-BEFB10C764D2}.AppStore|x86.ActiveCfg = Release|Any CPU
		{FC287E6B-AED0-4916-B9F0-BEFB10C764D2}.Debug|Any CPU.ActiveCfg = Debug|Any CPU
		{FC287E6B-AED0-4916-B9F0-BEFB10C764D2}.Debug|Any CPU.Build.0 = Debug|Any CPU
		{FC287E6B-AED0-4916-B9F0-BEFB10C764D2}.Debug|Any CPU.Deploy.0 = Debug|Any CPU
		{FC287E6B-AED0-4916-B9F0-BEFB10C764D2}.Debug|ARM.ActiveCfg = Debug|Any CPU
		{FC287E6B-AED0-4916-B9F0-BEFB10C764D2}.Debug|iPhone.ActiveCfg = Debug|Any CPU
		{FC287E6B-AED0-4916-B9F0-BEFB10C764D2}.Debug|iPhoneSimulator.ActiveCfg = Debug|Any CPU
		{FC287E6B-AED0-4916-B9F0-BEFB10C764D2}.Debug|iPhoneSimulator.Build.0 = Debug|Any CPU
		{FC287E6B-AED0-4916-B9F0-BEFB10C764D2}.Debug|Mixed Platforms.ActiveCfg = Debug|Any CPU
		{FC287E6B-AED0-4916-B9F0-BEFB10C764D2}.Debug|Mixed Platforms.Build.0 = Debug|Any CPU
		{FC287E6B-AED0-4916-B9F0-BEFB10C764D2}.Debug|Mixed Platforms.Deploy.0 = Debug|Any CPU
		{FC287E6B-AED0-4916-B9F0-BEFB10C764D2}.Debug|x86.ActiveCfg = Debug|Any CPU
		{FC287E6B-AED0-4916-B9F0-BEFB10C764D2}.Release|Any CPU.ActiveCfg = Release|Any CPU
		{FC287E6B-AED0-4916-B9F0-BEFB10C764D2}.Release|Any CPU.Build.0 = Release|Any CPU
		{FC287E6B-AED0-4916-B9F0-BEFB10C764D2}.Release|Any CPU.Deploy.0 = Release|Any CPU
		{FC287E6B-AED0-4916-B9F0-BEFB10C764D2}.Release|ARM.ActiveCfg = Release|Any CPU
		{FC287E6B-AED0-4916-B9F0-BEFB10C764D2}.Release|iPhone.ActiveCfg = Release|Any CPU
		{FC287E6B-AED0-4916-B9F0-BEFB10C764D2}.Release|iPhoneSimulator.ActiveCfg = Release|Any CPU
		{FC287E6B-AED0-4916-B9F0-BEFB10C764D2}.Release|Mixed Platforms.ActiveCfg = Release|Any CPU
		{FC287E6B-AED0-4916-B9F0-BEFB10C764D2}.Release|Mixed Platforms.Build.0 = Release|Any CPU
		{FC287E6B-AED0-4916-B9F0-BEFB10C764D2}.Release|Mixed Platforms.Deploy.0 = Release|Any CPU
		{FC287E6B-AED0-4916-B9F0-BEFB10C764D2}.Release|x86.ActiveCfg = Release|Any CPU
		{01E310E0-7581-4742-B192-73AC76B3475B}.Ad-Hoc|Any CPU.ActiveCfg = Release|Any CPU
		{01E310E0-7581-4742-B192-73AC76B3475B}.Ad-Hoc|Any CPU.Build.0 = Release|Any CPU
		{01E310E0-7581-4742-B192-73AC76B3475B}.Ad-Hoc|Any CPU.Deploy.0 = Release|Any CPU
		{01E310E0-7581-4742-B192-73AC76B3475B}.Ad-Hoc|ARM.ActiveCfg = Release|ARM
		{01E310E0-7581-4742-B192-73AC76B3475B}.Ad-Hoc|ARM.Build.0 = Release|ARM
		{01E310E0-7581-4742-B192-73AC76B3475B}.Ad-Hoc|ARM.Deploy.0 = Release|ARM
		{01E310E0-7581-4742-B192-73AC76B3475B}.Ad-Hoc|iPhone.ActiveCfg = Release|Any CPU
		{01E310E0-7581-4742-B192-73AC76B3475B}.Ad-Hoc|iPhoneSimulator.ActiveCfg = Release|Any CPU
		{01E310E0-7581-4742-B192-73AC76B3475B}.Ad-Hoc|Mixed Platforms.ActiveCfg = Release|x86
		{01E310E0-7581-4742-B192-73AC76B3475B}.Ad-Hoc|Mixed Platforms.Build.0 = Release|x86
		{01E310E0-7581-4742-B192-73AC76B3475B}.Ad-Hoc|Mixed Platforms.Deploy.0 = Release|x86
		{01E310E0-7581-4742-B192-73AC76B3475B}.Ad-Hoc|x86.ActiveCfg = Release|x86
		{01E310E0-7581-4742-B192-73AC76B3475B}.Ad-Hoc|x86.Build.0 = Release|x86
		{01E310E0-7581-4742-B192-73AC76B3475B}.Ad-Hoc|x86.Deploy.0 = Release|x86
		{01E310E0-7581-4742-B192-73AC76B3475B}.AppStore|Any CPU.ActiveCfg = Release|Any CPU
		{01E310E0-7581-4742-B192-73AC76B3475B}.AppStore|Any CPU.Build.0 = Release|Any CPU
		{01E310E0-7581-4742-B192-73AC76B3475B}.AppStore|Any CPU.Deploy.0 = Release|Any CPU
		{01E310E0-7581-4742-B192-73AC76B3475B}.AppStore|ARM.ActiveCfg = Release|ARM
		{01E310E0-7581-4742-B192-73AC76B3475B}.AppStore|ARM.Build.0 = Release|ARM
		{01E310E0-7581-4742-B192-73AC76B3475B}.AppStore|ARM.Deploy.0 = Release|ARM
		{01E310E0-7581-4742-B192-73AC76B3475B}.AppStore|iPhone.ActiveCfg = Release|Any CPU
		{01E310E0-7581-4742-B192-73AC76B3475B}.AppStore|iPhoneSimulator.ActiveCfg = Release|Any CPU
		{01E310E0-7581-4742-B192-73AC76B3475B}.AppStore|Mixed Platforms.ActiveCfg = Release|x86
		{01E310E0-7581-4742-B192-73AC76B3475B}.AppStore|Mixed Platforms.Build.0 = Release|x86
		{01E310E0-7581-4742-B192-73AC76B3475B}.AppStore|Mixed Platforms.Deploy.0 = Release|x86
		{01E310E0-7581-4742-B192-73AC76B3475B}.AppStore|x86.ActiveCfg = Release|x86
		{01E310E0-7581-4742-B192-73AC76B3475B}.AppStore|x86.Build.0 = Release|x86
		{01E310E0-7581-4742-B192-73AC76B3475B}.AppStore|x86.Deploy.0 = Release|x86
		{01E310E0-7581-4742-B192-73AC76B3475B}.Debug|Any CPU.ActiveCfg = Debug|Any CPU
		{01E310E0-7581-4742-B192-73AC76B3475B}.Debug|Any CPU.Build.0 = Debug|Any CPU
		{01E310E0-7581-4742-B192-73AC76B3475B}.Debug|Any CPU.Deploy.0 = Debug|Any CPU
		{01E310E0-7581-4742-B192-73AC76B3475B}.Debug|ARM.ActiveCfg = Debug|ARM
		{01E310E0-7581-4742-B192-73AC76B3475B}.Debug|ARM.Build.0 = Debug|ARM
		{01E310E0-7581-4742-B192-73AC76B3475B}.Debug|ARM.Deploy.0 = Debug|ARM
		{01E310E0-7581-4742-B192-73AC76B3475B}.Debug|iPhone.ActiveCfg = Debug|Any CPU
		{01E310E0-7581-4742-B192-73AC76B3475B}.Debug|iPhoneSimulator.ActiveCfg = Debug|Any CPU
		{01E310E0-7581-4742-B192-73AC76B3475B}.Debug|iPhoneSimulator.Build.0 = Debug|Any CPU
		{01E310E0-7581-4742-B192-73AC76B3475B}.Debug|Mixed Platforms.ActiveCfg = Debug|x86
		{01E310E0-7581-4742-B192-73AC76B3475B}.Debug|Mixed Platforms.Build.0 = Debug|x86
		{01E310E0-7581-4742-B192-73AC76B3475B}.Debug|Mixed Platforms.Deploy.0 = Debug|x86
		{01E310E0-7581-4742-B192-73AC76B3475B}.Debug|x86.ActiveCfg = Debug|x86
		{01E310E0-7581-4742-B192-73AC76B3475B}.Debug|x86.Build.0 = Debug|x86
		{01E310E0-7581-4742-B192-73AC76B3475B}.Debug|x86.Deploy.0 = Debug|x86
		{01E310E0-7581-4742-B192-73AC76B3475B}.Release|Any CPU.ActiveCfg = Release|Any CPU
		{01E310E0-7581-4742-B192-73AC76B3475B}.Release|Any CPU.Build.0 = Release|Any CPU
		{01E310E0-7581-4742-B192-73AC76B3475B}.Release|Any CPU.Deploy.0 = Release|Any CPU
		{01E310E0-7581-4742-B192-73AC76B3475B}.Release|ARM.ActiveCfg = Release|ARM
		{01E310E0-7581-4742-B192-73AC76B3475B}.Release|ARM.Build.0 = Release|ARM
		{01E310E0-7581-4742-B192-73AC76B3475B}.Release|ARM.Deploy.0 = Release|ARM
		{01E310E0-7581-4742-B192-73AC76B3475B}.Release|iPhone.ActiveCfg = Release|Any CPU
		{01E310E0-7581-4742-B192-73AC76B3475B}.Release|iPhoneSimulator.ActiveCfg = Release|Any CPU
		{01E310E0-7581-4742-B192-73AC76B3475B}.Release|Mixed Platforms.ActiveCfg = Release|x86
		{01E310E0-7581-4742-B192-73AC76B3475B}.Release|Mixed Platforms.Build.0 = Release|x86
		{01E310E0-7581-4742-B192-73AC76B3475B}.Release|Mixed Platforms.Deploy.0 = Release|x86
		{01E310E0-7581-4742-B192-73AC76B3475B}.Release|x86.ActiveCfg = Release|x86
		{01E310E0-7581-4742-B192-73AC76B3475B}.Release|x86.Build.0 = Release|x86
		{01E310E0-7581-4742-B192-73AC76B3475B}.Release|x86.Deploy.0 = Release|x86
		{E7DE3ED4-619C-435C-AE5B-A55D1027DAAA}.Ad-Hoc|Any CPU.ActiveCfg = Release|Any CPU
		{E7DE3ED4-619C-435C-AE5B-A55D1027DAAA}.Ad-Hoc|Any CPU.Build.0 = Release|Any CPU
		{E7DE3ED4-619C-435C-AE5B-A55D1027DAAA}.Ad-Hoc|ARM.ActiveCfg = Release|Any CPU
		{E7DE3ED4-619C-435C-AE5B-A55D1027DAAA}.Ad-Hoc|iPhone.ActiveCfg = Release|Any CPU
		{E7DE3ED4-619C-435C-AE5B-A55D1027DAAA}.Ad-Hoc|iPhoneSimulator.ActiveCfg = Release|Any CPU
		{E7DE3ED4-619C-435C-AE5B-A55D1027DAAA}.Ad-Hoc|Mixed Platforms.ActiveCfg = Release|Any CPU
		{E7DE3ED4-619C-435C-AE5B-A55D1027DAAA}.Ad-Hoc|Mixed Platforms.Build.0 = Release|Any CPU
		{E7DE3ED4-619C-435C-AE5B-A55D1027DAAA}.Ad-Hoc|x86.ActiveCfg = Release|Any CPU
		{E7DE3ED4-619C-435C-AE5B-A55D1027DAAA}.AppStore|Any CPU.ActiveCfg = Release|Any CPU
		{E7DE3ED4-619C-435C-AE5B-A55D1027DAAA}.AppStore|Any CPU.Build.0 = Release|Any CPU
		{E7DE3ED4-619C-435C-AE5B-A55D1027DAAA}.AppStore|ARM.ActiveCfg = Release|Any CPU
		{E7DE3ED4-619C-435C-AE5B-A55D1027DAAA}.AppStore|iPhone.ActiveCfg = Release|Any CPU
		{E7DE3ED4-619C-435C-AE5B-A55D1027DAAA}.AppStore|iPhoneSimulator.ActiveCfg = Release|Any CPU
		{E7DE3ED4-619C-435C-AE5B-A55D1027DAAA}.AppStore|Mixed Platforms.ActiveCfg = Release|Any CPU
		{E7DE3ED4-619C-435C-AE5B-A55D1027DAAA}.AppStore|Mixed Platforms.Build.0 = Release|Any CPU
		{E7DE3ED4-619C-435C-AE5B-A55D1027DAAA}.AppStore|x86.ActiveCfg = Release|Any CPU
		{E7DE3ED4-619C-435C-AE5B-A55D1027DAAA}.Debug|Any CPU.ActiveCfg = Debug|Any CPU
		{E7DE3ED4-619C-435C-AE5B-A55D1027DAAA}.Debug|Any CPU.Build.0 = Debug|Any CPU
		{E7DE3ED4-619C-435C-AE5B-A55D1027DAAA}.Debug|ARM.ActiveCfg = Debug|Any CPU
		{E7DE3ED4-619C-435C-AE5B-A55D1027DAAA}.Debug|iPhone.ActiveCfg = Debug|Any CPU
		{E7DE3ED4-619C-435C-AE5B-A55D1027DAAA}.Debug|iPhoneSimulator.ActiveCfg = Debug|Any CPU
		{E7DE3ED4-619C-435C-AE5B-A55D1027DAAA}.Debug|iPhoneSimulator.Build.0 = Debug|Any CPU
		{E7DE3ED4-619C-435C-AE5B-A55D1027DAAA}.Debug|Mixed Platforms.ActiveCfg = Debug|Any CPU
		{E7DE3ED4-619C-435C-AE5B-A55D1027DAAA}.Debug|Mixed Platforms.Build.0 = Debug|Any CPU
		{E7DE3ED4-619C-435C-AE5B-A55D1027DAAA}.Debug|x86.ActiveCfg = Debug|Any CPU
		{E7DE3ED4-619C-435C-AE5B-A55D1027DAAA}.Release|Any CPU.ActiveCfg = Release|Any CPU
		{E7DE3ED4-619C-435C-AE5B-A55D1027DAAA}.Release|Any CPU.Build.0 = Release|Any CPU
		{E7DE3ED4-619C-435C-AE5B-A55D1027DAAA}.Release|ARM.ActiveCfg = Release|Any CPU
		{E7DE3ED4-619C-435C-AE5B-A55D1027DAAA}.Release|iPhone.ActiveCfg = Release|Any CPU
		{E7DE3ED4-619C-435C-AE5B-A55D1027DAAA}.Release|iPhoneSimulator.ActiveCfg = Release|Any CPU
		{E7DE3ED4-619C-435C-AE5B-A55D1027DAAA}.Release|Mixed Platforms.ActiveCfg = Release|Any CPU
		{E7DE3ED4-619C-435C-AE5B-A55D1027DAAA}.Release|Mixed Platforms.Build.0 = Release|Any CPU
		{E7DE3ED4-619C-435C-AE5B-A55D1027DAAA}.Release|x86.ActiveCfg = Release|Any CPU
		{4B330F5B-572F-4E60-B9D8-04A3591417AA}.Ad-Hoc|Any CPU.ActiveCfg = Ad-Hoc|iPhone
		{4B330F5B-572F-4E60-B9D8-04A3591417AA}.Ad-Hoc|ARM.ActiveCfg = Ad-Hoc|iPhone
		{4B330F5B-572F-4E60-B9D8-04A3591417AA}.Ad-Hoc|iPhone.ActiveCfg = Ad-Hoc|iPhone
		{4B330F5B-572F-4E60-B9D8-04A3591417AA}.Ad-Hoc|iPhone.Build.0 = Ad-Hoc|iPhone
		{4B330F5B-572F-4E60-B9D8-04A3591417AA}.Ad-Hoc|iPhoneSimulator.ActiveCfg = Ad-Hoc|iPhoneSimulator
		{4B330F5B-572F-4E60-B9D8-04A3591417AA}.Ad-Hoc|iPhoneSimulator.Build.0 = Ad-Hoc|iPhoneSimulator
		{4B330F5B-572F-4E60-B9D8-04A3591417AA}.Ad-Hoc|Mixed Platforms.ActiveCfg = Ad-Hoc|iPhone
		{4B330F5B-572F-4E60-B9D8-04A3591417AA}.Ad-Hoc|Mixed Platforms.Build.0 = Ad-Hoc|iPhone
		{4B330F5B-572F-4E60-B9D8-04A3591417AA}.Ad-Hoc|x86.ActiveCfg = Ad-Hoc|iPhone
		{4B330F5B-572F-4E60-B9D8-04A3591417AA}.AppStore|Any CPU.ActiveCfg = AppStore|iPhone
		{4B330F5B-572F-4E60-B9D8-04A3591417AA}.AppStore|ARM.ActiveCfg = AppStore|iPhone
		{4B330F5B-572F-4E60-B9D8-04A3591417AA}.AppStore|iPhone.ActiveCfg = AppStore|iPhone
		{4B330F5B-572F-4E60-B9D8-04A3591417AA}.AppStore|iPhone.Build.0 = AppStore|iPhone
		{4B330F5B-572F-4E60-B9D8-04A3591417AA}.AppStore|iPhoneSimulator.ActiveCfg = AppStore|iPhoneSimulator
		{4B330F5B-572F-4E60-B9D8-04A3591417AA}.AppStore|iPhoneSimulator.Build.0 = AppStore|iPhoneSimulator
		{4B330F5B-572F-4E60-B9D8-04A3591417AA}.AppStore|Mixed Platforms.ActiveCfg = AppStore|iPhone
		{4B330F5B-572F-4E60-B9D8-04A3591417AA}.AppStore|Mixed Platforms.Build.0 = AppStore|iPhone
		{4B330F5B-572F-4E60-B9D8-04A3591417AA}.AppStore|x86.ActiveCfg = AppStore|iPhone
		{4B330F5B-572F-4E60-B9D8-04A3591417AA}.Debug|Any CPU.ActiveCfg = Debug|iPhone
		{4B330F5B-572F-4E60-B9D8-04A3591417AA}.Debug|ARM.ActiveCfg = Debug|iPhone
		{4B330F5B-572F-4E60-B9D8-04A3591417AA}.Debug|iPhone.ActiveCfg = Debug|iPhone
		{4B330F5B-572F-4E60-B9D8-04A3591417AA}.Debug|iPhone.Build.0 = Debug|iPhone
		{4B330F5B-572F-4E60-B9D8-04A3591417AA}.Debug|iPhoneSimulator.ActiveCfg = Debug|iPhoneSimulator
		{4B330F5B-572F-4E60-B9D8-04A3591417AA}.Debug|iPhoneSimulator.Build.0 = Debug|iPhoneSimulator
		{4B330F5B-572F-4E60-B9D8-04A3591417AA}.Debug|Mixed Platforms.ActiveCfg = Debug|iPhone
		{4B330F5B-572F-4E60-B9D8-04A3591417AA}.Debug|Mixed Platforms.Build.0 = Debug|iPhone
		{4B330F5B-572F-4E60-B9D8-04A3591417AA}.Debug|x86.ActiveCfg = Debug|iPhone
		{4B330F5B-572F-4E60-B9D8-04A3591417AA}.Release|Any CPU.ActiveCfg = Release|iPhone
		{4B330F5B-572F-4E60-B9D8-04A3591417AA}.Release|ARM.ActiveCfg = Release|iPhone
		{4B330F5B-572F-4E60-B9D8-04A3591417AA}.Release|iPhone.ActiveCfg = Release|iPhone
		{4B330F5B-572F-4E60-B9D8-04A3591417AA}.Release|iPhone.Build.0 = Release|iPhone
		{4B330F5B-572F-4E60-B9D8-04A3591417AA}.Release|iPhoneSimulator.ActiveCfg = Release|iPhoneSimulator
		{4B330F5B-572F-4E60-B9D8-04A3591417AA}.Release|iPhoneSimulator.Build.0 = Release|iPhoneSimulator
		{4B330F5B-572F-4E60-B9D8-04A3591417AA}.Release|Mixed Platforms.ActiveCfg = Release|iPhone
		{4B330F5B-572F-4E60-B9D8-04A3591417AA}.Release|Mixed Platforms.Build.0 = Release|iPhone
		{4B330F5B-572F-4E60-B9D8-04A3591417AA}.Release|x86.ActiveCfg = Release|iPhone
	EndGlobalSection
	GlobalSection(SolutionProperties) = preSolution
		HideSolutionNode = FALSE
	EndGlobalSection
EndGlobal
